
Microsoft Visual Studio Solution File, Format Version 12.00
# Visual Studio Version 17
VisualStudioVersion = 17.4.33103.184
MinimumVisualStudioVersion = 10.0.40219.1
Project("{9A19103F-16F7-4668-BE54-9A1E7A4F7556}") = "Html", "Html\Html.csproj", "{EBCAF418-CFB8-4092-AA82-2E1882EDEB72}"
EndProject
Project("{FAE04EC0-301F-11D3-BF4B-00C04F79EFBC}") = "CssText", "CssText\CssText.csproj", "{BE5F3EF2-A7E2-4FFC-A6D9-EC6BF354F55F}"
EndProject
Project("{FAE04EC0-301F-11D3-BF4B-00C04F79EFBC}") = "CssTable", "CssTable\CssTable.csproj", "{E93BF73F-1A8F-4C73-A9EC-470A715E63AB}"
EndProject
Project("{FAE04EC0-301F-11D3-BF4B-00C04F79EFBC}") = "CssForm", "CssForm\CssForm.csproj", "{AD712F55-FCE3-49EF-BAAF-DDDAB04DC3FD}"
EndProject
Global
	GlobalSection(SolutionConfigurationPlatforms) = preSolution
		Debug|Any CPU = Debug|Any CPU
		Release|Any CPU = Release|Any CPU
	EndGlobalSection
	GlobalSection(ProjectConfigurationPlatforms) = postSolution
		{EBCAF418-CFB8-4092-AA82-2E1882EDEB72}.Debug|Any CPU.ActiveCfg = Debug|Any CPU
		{EBCAF418-CFB8-4092-AA82-2E1882EDEB72}.Debug|Any CPU.Build.0 = Debug|Any CPU
		{EBCAF418-CFB8-4092-AA82-2E1882EDEB72}.Release|Any CPU.ActiveCfg = Release|Any CPU
		{EBCAF418-CFB8-4092-AA82-2E1882EDEB72}.Release|Any CPU.Build.0 = Release|Any CPU
		{BE5F3EF2-A7E2-4FFC-A6D9-EC6BF354F55F}.Debug|Any CPU.ActiveCfg = Debug|Any CPU
		{BE5F3EF2-A7E2-4FFC-A6D9-EC6BF354F55F}.Debug|Any CPU.Build.0 = Debug|Any CPU
		{BE5F3EF2-A7E2-4FFC-A6D9-EC6BF354F55F}.Release|Any CPU.ActiveCfg = Release|Any CPU
		{BE5F3EF2-A7E2-4FFC-A6D9-EC6BF354F55F}.Release|Any CPU.Build.0 = Release|Any CPU
		{E93BF73F-1A8F-4C73-A9EC-470A715E63AB}.Debug|Any CPU.ActiveCfg = Debug|Any CPU
		{E93BF73F-1A8F-4C73-A9EC-470A715E63AB}.Debug|Any CPU.Build.0 = Debug|Any CPU
		{E93BF73F-1A8F-4C73-A9EC-470A715E63AB}.Release|Any CPU.ActiveCfg = Release|Any CPU
		{E93BF73F-1A8F-4C73-A9EC-470A715E63AB}.Release|Any CPU.Build.0 = Release|Any CPU
		{AD712F55-FCE3-49EF-BAAF-DDDAB04DC3FD}.Debug|Any CPU.ActiveCfg = Debug|Any CPU
		{AD712F55-FCE3-49EF-BAAF-DDDAB04DC3FD}.Debug|Any CPU.Build.0 = Debug|Any CPU
		{AD712F55-FCE3-49EF-BAAF-DDDAB04DC3FD}.Release|Any CPU.ActiveCfg = Release|Any CPU
		{AD712F55-FCE3-49EF-BAAF-DDDAB04DC3FD}.Release|Any CPU.Build.0 = Release|Any CPU
	EndGlobalSection
	GlobalSection(SolutionProperties) = preSolution
		HideSolutionNode = FALSE
	EndGlobalSection
	GlobalSection(ExtensibilityGlobals) = postSolution
		SolutionGuid = {1B45AB33-61E1-4AE4-9EEE-3A8363E29472}
	EndGlobalSection
EndGlobal
